
Microsoft Visual Studio Solution File, Format Version 12.00
# Visual Studio 2013
VisualStudioVersion = 12.0.31101.0
MinimumVisualStudioVersion = 10.0.40219.1
Project("{FAE04EC0-301F-11D3-BF4B-00C04F79EFBC}") = "JiggonDodger", "JiggonDodger\JiggonDodger\JiggonDodger.csproj", "{DCA60CB3-F4D4-4730-B27F-4123A0CEBFFA}"
EndProject
Project("{FAE04EC0-301F-11D3-BF4B-00C04F79EFBC}") = "JiggonDodgerContent", "JiggonDodger\JiggonDodgerContent\JiggonDodgerContent.contentproj", "{D4C4FE3C-C91E-48BE-82BD-91BBD11AD5D9}"
EndProject
Global
	GlobalSection(SolutionConfigurationPlatforms) = preSolution
		Debug|x86 = Debug|x86
		Release|x86 = Release|x86
	EndGlobalSection
	GlobalSection(ProjectConfigurationPlatforms) = postSolution
		{DCA60CB3-F4D4-4730-B27F-4123A0CEBFFA}.Debug|x86.ActiveCfg = Debug|x86
		{DCA60CB3-F4D4-4730-B27F-4123A0CEBFFA}.Debug|x86.Build.0 = Debug|x86
		{DCA60CB3-F4D4-4730-B27F-4123A0CEBFFA}.Release|x86.ActiveCfg = Release|x86
		{DCA60CB3-F4D4-4730-B27F-4123A0CEBFFA}.Release|x86.Build.0 = Release|x86
		{D4C4FE3C-C91E-48BE-82BD-91BBD11AD5D9}.Debug|x86.ActiveCfg = Debug|x86
		{D4C4FE3C-C91E-48BE-82BD-91BBD11AD5D9}.Release|x86.ActiveCfg = Release|x86
	EndGlobalSection
	GlobalSection(SolutionProperties) = preSolution
		HideSolutionNode = FALSE
	EndGlobalSection
EndGlobal
